PODS:
  - JPUtils-OC/Timer (0.0.5)
  - SDWebImage (5.0.1):
    - SDWebImage/Core (= 5.0.1)
  - SDWebImage/Core (5.0.1)

DEPENDENCIES:
  - JPUtils-OC/Timer (= 0.0.5)
  - SDWebImage

SPEC REPOS:
  trunk:
    - JPUtils-OC
    - SDWebImage

SPEC CHECKSUMS:
  JPUtils-OC: 0b9d0b91c48b1448e9517a082fe56302da50f527
  SDWebImage: 27dd2c9ea07a2252f94557c9fbb6105ee94b74c9

PODFILE CHECKSUM: a13e260d052fe862b12ebe454ca0aedd5e20a6cc

COCOAPODS: 1.10.0
