<?xml version="1.0" encoding="UTF-8"?>
<Scheme
   version = "1.3">
   <BuildAction>
      <BuildActionEntries>
         <BuildActionEntry
            buildForRunning = "YES">
            <BuildableReference
               BuildableIdentifier = "primary"
               BlueprintIdentifier = "F5460DC0215097C1000B9C96"
               BuildableName = "JPLoopViewDemo.app"
               BlueprintName = "JPLoopViewDemo"
               ReferencedContainer = "container:JPLoopViewDemo.xcodeproj">
            </BuildableReference>
         </BuildActionEntry>
      </BuildActionEntries>
   </BuildAction>
   <LaunchAction
      useCustomWorkingDirectory = "NO"
      buildConfiguration = "Debug"
      allowLocationSimulation = "YES">
      <BuildableProductRunnable>
         <BuildableReference
            BuildableIdentifier = "primary"
            BlueprintIdentifier = "F5460DC0215097C1000B9C96"
            BuildableName = "JPLoopViewDemo.app"
            BlueprintName = "JPLoopViewDemo"
            ReferencedContainer = "container:JPLoopViewDemo.xcodeproj">
         </BuildableReference>
      </BuildableProductRunnable>
   </LaunchAction>
</Scheme>
