// !$*UTF8*$!
{
	archiveVersion = 1;
	classes = {
	};
	objectVersion = 50;
	objects = {

/* Begin PBXBuildFile section */
		53CCCB0FB352531B3DC81172 /* libPods-JPLoopViewDemo.a in Frameworks */ = {isa = PBXBuildFile; fileRef = F80119B5710FEB6EB506241E /* libPods-JPLoopViewDemo.a */; };
		F5460DC6215097C1000B9C96 /* AppDelegate.m in Sources */ = {isa = PBXBuildFile; fileRef = F5460DC5215097C1000B9C96 /* AppDelegate.m */; };
		F5460DC9215097C2000B9C96 /* ViewController.m in Sources */ = {isa = PBXBuildFile; fileRef = F5460DC8215097C2000B9C96 /* ViewController.m */; };
		F5460DCC215097C2000B9C96 /* Main.storyboard in Resources */ = {isa = PBXBuildFile; fileRef = F5460DCA215097C2000B9C96 /* Main.storyboard */; };
		F5460DCE215097C3000B9C96 /* Assets.xcassets in Resources */ = {isa = PBXBuildFile; fileRef = F5460DCD215097C3000B9C96 /* Assets.xcassets */; };
		F5460DD1215097C3000B9C96 /* LaunchScreen.storyboard in Resources */ = {isa = PBXBuildFile; fileRef = F5460DCF215097C3000B9C96 /* LaunchScreen.storyboard */; };
		F5460DD4215097C3000B9C96 /* main.m in Sources */ = {isa = PBXBuildFile; fileRef = F5460DD3215097C3000B9C96 /* main.m */; };
		F5460DEB2150980B000B9C96 /* JPLoopViewCell.m in Sources */ = {isa = PBXBuildFile; fileRef = F5460DDB2150980B000B9C96 /* JPLoopViewCell.m */; };
		F5460DEC2150980B000B9C96 /* JPLoopView.m in Sources */ = {isa = PBXBuildFile; fileRef = F5460DDC2150980B000B9C96 /* JPLoopView.m */; };
		F5460DED2150980B000B9C96 /* JPPageControl.m in Sources */ = {isa = PBXBuildFile; fileRef = F5460DE02150980B000B9C96 /* JPPageControl.m */; };
		F5460DEF2150980B000B9C96 /* JPProxy.m in Sources */ = {isa = PBXBuildFile; fileRef = F5460DE52150980B000B9C96 /* JPProxy.m */; };
		F5460DF02150980B000B9C96 /* JPTimerManager.m in Sources */ = {isa = PBXBuildFile; fileRef = F5460DE62150980B000B9C96 /* JPTimerManager.m */; };
		F5460DF12150980B000B9C96 /* JPLoopViewLayout.m in Sources */ = {isa = PBXBuildFile; fileRef = F5460DE72150980B000B9C96 /* JPLoopViewLayout.m */; };
		F5460DF22150980B000B9C96 /* JPLoopCellModel.m in Sources */ = {isa = PBXBuildFile; fileRef = F5460DE92150980B000B9C96 /* JPLoopCellModel.m */; };
		F5460DF8215098FF000B9C96 /* LoopViewController.m in Sources */ = {isa = PBXBuildFile; fileRef = F5460DF7215098FF000B9C96 /* LoopViewController.m */; };
/* End PBXBuildFile section */

/* Begin PBXFileReference section */
		8313F02AF2AE1AB0BDBA2A83 /* Pods-JPLoopViewDemo.debug.xcconfig */ = {isa = PBXFileReference; includeInIndex = 1; lastKnownFileType = text.xcconfig; name = "Pods-JPLoopViewDemo.debug.xcconfig"; path = "Target Support Files/Pods-JPLoopViewDemo/Pods-JPLoopViewDemo.debug.xcconfig"; sourceTree = "<group>"; };
		C15A0395B8EB08EAE1DF00A6 /* Pods-JPLoopViewDemo.release.xcconfig */ = {isa = PBXFileReference; includeInIndex = 1; lastKnownFileType = text.xcconfig; name = "Pods-JPLoopViewDemo.release.xcconfig"; path = "Target Support Files/Pods-JPLoopViewDemo/Pods-JPLoopViewDemo.release.xcconfig"; sourceTree = "<group>"; };
		F5460DC1215097C1000B9C96 /* JPLoopViewDemo.app */ = {isa = PBXFileReference; explicitFileType = wrapper.application; includeInIndex = 0; path = JPLoopViewDemo.app; sourceTree = BUILT_PRODUCTS_DIR; };
		F5460DC4215097C1000B9C96 /* AppDelegate.h */ = {isa = PBXFileReference; lastKnownFileType = sourcecode.c.h; path = AppDelegate.h; sourceTree = "<group>"; };
		F5460DC5215097C1000B9C96 /* AppDelegate.m */ = {isa = PBXFileReference; lastKnownFileType = sourcecode.c.objc; path = AppDelegate.m; sourceTree = "<group>"; };
		F5460DC7215097C2000B9C96 /* ViewController.h */ = {isa = PBXFileReference; lastKnownFileType = sourcecode.c.h; path = ViewController.h; sourceTree = "<group>"; };
		F5460DC8215097C2000B9C96 /* ViewController.m */ = {isa = PBXFileReference; lastKnownFileType = sourcecode.c.objc; path = ViewController.m; sourceTree = "<group>"; };
		F5460DCB215097C2000B9C96 /* Base */ = {isa = PBXFileReference; lastKnownFileType = file.storyboard; name = Base; path = Base.lproj/Main.storyboard; sourceTree = "<group>"; };
		F5460DCD215097C3000B9C96 /* Assets.xcassets */ = {isa = PBXFileReference; lastKnownFileType = folder.assetcatalog; path = Assets.xcassets; sourceTree = "<group>"; };
		F5460DD0215097C3000B9C96 /* Base */ = {isa = PBXFileReference; lastKnownFileType = file.storyboard; name = Base; path = Base.lproj/LaunchScreen.storyboard; sourceTree = "<group>"; };
		F5460DD2215097C3000B9C96 /* Info.plist */ = {isa = PBXFileReference; lastKnownFileType = text.plist.xml; path = Info.plist; sourceTree = "<group>"; };
		F5460DD3215097C3000B9C96 /* main.m */ = {isa = PBXFileReference; lastKnownFileType = sourcecode.c.objc; path = main.m; sourceTree = "<group>"; };
		F5460DDB2150980B000B9C96 /* JPLoopViewCell.m */ = {isa = PBXFileReference; fileEncoding = 4; lastKnownFileType = sourcecode.c.objc; path = JPLoopViewCell.m; sourceTree = "<group>"; };
		F5460DDC2150980B000B9C96 /* JPLoopView.m */ = {isa = PBXFileReference; fileEncoding = 4; lastKnownFileType = sourcecode.c.objc; path = JPLoopView.m; sourceTree = "<group>"; };
		F5460DDD2150980B000B9C96 /* JPTimerManager.h */ = {isa = PBXFileReference; fileEncoding = 4; lastKnownFileType = sourcecode.c.h; path = JPTimerManager.h; sourceTree = "<group>"; };
		F5460DDE2150980B000B9C96 /* JPProxy.h */ = {isa = PBXFileReference; fileEncoding = 4; lastKnownFileType = sourcecode.c.h; path = JPProxy.h; sourceTree = "<group>"; };
		F5460DDF2150980B000B9C96 /* JPLoopViewLayout.h */ = {isa = PBXFileReference; fileEncoding = 4; lastKnownFileType = sourcecode.c.h; path = JPLoopViewLayout.h; sourceTree = "<group>"; };
		F5460DE02150980B000B9C96 /* JPPageControl.m */ = {isa = PBXFileReference; fileEncoding = 4; lastKnownFileType = sourcecode.c.objc; path = JPPageControl.m; sourceTree = "<group>"; };
		F5460DE12150980B000B9C96 /* JPLoopCellModel.h */ = {isa = PBXFileReference; fileEncoding = 4; lastKnownFileType = sourcecode.c.h; path = JPLoopCellModel.h; sourceTree = "<group>"; };
		F5460DE32150980B000B9C96 /* JPLoopView.h */ = {isa = PBXFileReference; fileEncoding = 4; lastKnownFileType = sourcecode.c.h; path = JPLoopView.h; sourceTree = "<group>"; };
		F5460DE42150980B000B9C96 /* JPLoopViewCell.h */ = {isa = PBXFileReference; fileEncoding = 4; lastKnownFileType = sourcecode.c.h; path = JPLoopViewCell.h; sourceTree = "<group>"; };
		F5460DE52150980B000B9C96 /* JPProxy.m */ = {isa = PBXFileReference; fileEncoding = 4; lastKnownFileType = sourcecode.c.objc; path = JPProxy.m; sourceTree = "<group>"; };
		F5460DE62150980B000B9C96 /* JPTimerManager.m */ = {isa = PBXFileReference; fileEncoding = 4; lastKnownFileType = sourcecode.c.objc; path = JPTimerManager.m; sourceTree = "<group>"; };
		F5460DE72150980B000B9C96 /* JPLoopViewLayout.m */ = {isa = PBXFileReference; fileEncoding = 4; lastKnownFileType = sourcecode.c.objc; path = JPLoopViewLayout.m; sourceTree = "<group>"; };
		F5460DE92150980B000B9C96 /* JPLoopCellModel.m */ = {isa = PBXFileReference; fileEncoding = 4; lastKnownFileType = sourcecode.c.objc; path = JPLoopCellModel.m; sourceTree = "<group>"; };
		F5460DEA2150980B000B9C96 /* JPPageControl.h */ = {isa = PBXFileReference; fileEncoding = 4; lastKnownFileType = sourcecode.c.h; path = JPPageControl.h; sourceTree = "<group>"; };
		F5460DF6215098FF000B9C96 /* LoopViewController.h */ = {isa = PBXFileReference; lastKnownFileType = sourcecode.c.h; path = LoopViewController.h; sourceTree = "<group>"; };
		F5460DF7215098FF000B9C96 /* LoopViewController.m */ = {isa = PBXFileReference; lastKnownFileType = sourcecode.c.objc; path = LoopViewController.m; sourceTree = "<group>"; };
		F80119B5710FEB6EB506241E /* libPods-JPLoopViewDemo.a */ = {isa = PBXFileReference; explicitFileType = archive.ar; includeInIndex = 0; path = "libPods-JPLoopViewDemo.a"; sourceTree = BUILT_PRODUCTS_DIR; };
/* End PBXFileReference section */

/* Begin PBXFrameworksBuildPhase section */
		F5460DBE215097C1000B9C96 /* Frameworks */ = {
			isa = PBXFrameworksBuildPhase;
			buildActionMask = 2147483647;
			files = (
				53CCCB0FB352531B3DC81172 /* libPods-JPLoopViewDemo.a in Frameworks */,
			);
			runOnlyForDeploymentPostprocessing = 0;
		};
/* End PBXFrameworksBuildPhase section */

/* Begin PBXGroup section */
		5709F1BAE0B7C7143AF50766 /* Frameworks */ = {
			isa = PBXGroup;
			children = (
				F80119B5710FEB6EB506241E /* libPods-JPLoopViewDemo.a */,
			);
			name = Frameworks;
			sourceTree = "<group>";
		};
		A9EF7D977E1F64BF9064BFD9 /* Pods */ = {
			isa = PBXGroup;
			children = (
				8313F02AF2AE1AB0BDBA2A83 /* Pods-JPLoopViewDemo.debug.xcconfig */,
				C15A0395B8EB08EAE1DF00A6 /* Pods-JPLoopViewDemo.release.xcconfig */,
			);
			name = Pods;
			path = Pods;
			sourceTree = "<group>";
		};
		F5460DB8215097C1000B9C96 = {
			isa = PBXGroup;
			children = (
				F5460DC3215097C1000B9C96 /* JPLoopViewDemo */,
				F5460DC2215097C1000B9C96 /* Products */,
				A9EF7D977E1F64BF9064BFD9 /* Pods */,
				5709F1BAE0B7C7143AF50766 /* Frameworks */,
			);
			sourceTree = "<group>";
		};
		F5460DC2215097C1000B9C96 /* Products */ = {
			isa = PBXGroup;
			children = (
				F5460DC1215097C1000B9C96 /* JPLoopViewDemo.app */,
			);
			name = Products;
			sourceTree = "<group>";
		};
		F5460DC3215097C1000B9C96 /* JPLoopViewDemo */ = {
			isa = PBXGroup;
			children = (
				F5460DDA2150980B000B9C96 /* JPLoopView */,
				F5460DC4215097C1000B9C96 /* AppDelegate.h */,
				F5460DC5215097C1000B9C96 /* AppDelegate.m */,
				F5460DC7215097C2000B9C96 /* ViewController.h */,
				F5460DC8215097C2000B9C96 /* ViewController.m */,
				F5460DF6215098FF000B9C96 /* LoopViewController.h */,
				F5460DF7215098FF000B9C96 /* LoopViewController.m */,
				F5460DCA215097C2000B9C96 /* Main.storyboard */,
				F5460DCD215097C3000B9C96 /* Assets.xcassets */,
				F5460DCF215097C3000B9C96 /* LaunchScreen.storyboard */,
				F5460DD2215097C3000B9C96 /* Info.plist */,
				F5460DD3215097C3000B9C96 /* main.m */,
			);
			path = JPLoopViewDemo;
			sourceTree = "<group>";
		};
		F5460DDA2150980B000B9C96 /* JPLoopView */ = {
			isa = PBXGroup;
			children = (
				F5460DE32150980B000B9C96 /* JPLoopView.h */,
				F5460DDC2150980B000B9C96 /* JPLoopView.m */,
				F5460DE42150980B000B9C96 /* JPLoopViewCell.h */,
				F5460DDB2150980B000B9C96 /* JPLoopViewCell.m */,
				F5460DDF2150980B000B9C96 /* JPLoopViewLayout.h */,
				F5460DE72150980B000B9C96 /* JPLoopViewLayout.m */,
				F5460DE12150980B000B9C96 /* JPLoopCellModel.h */,
				F5460DE92150980B000B9C96 /* JPLoopCellModel.m */,
				F5460DDD2150980B000B9C96 /* JPTimerManager.h */,
				F5460DE62150980B000B9C96 /* JPTimerManager.m */,
				F5460DEA2150980B000B9C96 /* JPPageControl.h */,
				F5460DE02150980B000B9C96 /* JPPageControl.m */,
				F5460DDE2150980B000B9C96 /* JPProxy.h */,
				F5460DE52150980B000B9C96 /* JPProxy.m */,
			);
			path = JPLoopView;
			sourceTree = "<group>";
		};
/* End PBXGroup section */

/* Begin PBXNativeTarget section */
		F5460DC0215097C1000B9C96 /* JPLoopViewDemo */ = {
			isa = PBXNativeTarget;
			buildConfigurationList = F5460DD7215097C3000B9C96 /* Build configuration list for PBXNativeTarget "JPLoopViewDemo" */;
			buildPhases = (
				B9FF0E714196902BB4311E75 /* [CP] Check Pods Manifest.lock */,
				F5460DBD215097C1000B9C96 /* Sources */,
				F5460DBE215097C1000B9C96 /* Frameworks */,
				F5460DBF215097C1000B9C96 /* Resources */,
			);
			buildRules = (
			);
			dependencies = (
			);
			name = JPLoopViewDemo;
			productName = JPLoopViewDemo;
			productReference = F5460DC1215097C1000B9C96 /* JPLoopViewDemo.app */;
			productType = "com.apple.product-type.application";
		};
/* End PBXNativeTarget section */

/* Begin PBXProject section */
		F5460DB9215097C1000B9C96 /* Project object */ = {
			isa = PBXProject;
			attributes = {
				LastUpgradeCheck = 1000;
				ORGANIZATIONNAME = dong;
				TargetAttributes = {
					F5460DC0215097C1000B9C96 = {
						CreatedOnToolsVersion = 10.0;
					};
				};
			};
			buildConfigurationList = F5460DBC215097C1000B9C96 /* Build configuration list for PBXProject "JPLoopViewDemo" */;
			compatibilityVersion = "Xcode 9.3";
			developmentRegion = en;
			hasScannedForEncodings = 0;
			knownRegions = (
				en,
				Base,
			);
			mainGroup = F5460DB8215097C1000B9C96;
			productRefGroup = F5460DC2215097C1000B9C96 /* Products */;
			projectDirPath = "";
			projectRoot = "";
			targets = (
				F5460DC0215097C1000B9C96 /* JPLoopViewDemo */,
			);
		};
/* End PBXProject section */

/* Begin PBXResourcesBuildPhase section */
		F5460DBF215097C1000B9C96 /* Resources */ = {
			isa = PBXResourcesBuildPhase;
			buildActionMask = 2147483647;
			files = (
				F5460DD1215097C3000B9C96 /* LaunchScreen.storyboard in Resources */,
				F5460DCE215097C3000B9C96 /* Assets.xcassets in Resources */,
				F5460DCC215097C2000B9C96 /* Main.storyboard in Resources */,
			);
			runOnlyForDeploymentPostprocessing = 0;
		};
/* End PBXResourcesBuildPhase section */

/* Begin PBXShellScriptBuildPhase section */
		B9FF0E714196902BB4311E75 /* [CP] Check Pods Manifest.lock */ = {
			isa = PBXShellScriptBuildPhase;
			buildActionMask = 2147483647;
			files = (
			);
			inputFileListPaths = (
			);
			inputPaths = (
				"${PODS_PODFILE_DIR_PATH}/Podfile.lock",
				"${PODS_ROOT}/Manifest.lock",
			);
			name = "[CP] Check Pods Manifest.lock";
			outputFileListPaths = (
			);
			outputPaths = (
				"$(DERIVED_FILE_DIR)/Pods-JPLoopViewDemo-checkManifestLockResult.txt",
			);
			runOnlyForDeploymentPostprocessing = 0;
			shellPath = /bin/sh;
			shellScript = "diff \"${PODS_PODFILE_DIR_PATH}/Podfile.lock\" \"${PODS_ROOT}/Manifest.lock\" > /dev/null\nif [ $? != 0 ] ; then\n    # print error to STDERR\n    echo \"error: The sandbox is not in sync with the Podfile.lock. Run 'pod install' or update your CocoaPods installation.\" >&2\n    exit 1\nfi\n# This output is used by Xcode 'outputs' to avoid re-running this script phase.\necho \"SUCCESS\" > \"${SCRIPT_OUTPUT_FILE_0}\"\n";
			showEnvVarsInLog = 0;
		};
/* End PBXShellScriptBuildPhase section */

/* Begin PBXSourcesBuildPhase section */
		F5460DBD215097C1000B9C96 /* Sources */ = {
			isa = PBXSourcesBuildPhase;
			buildActionMask = 2147483647;
			files = (
				F5460DEF2150980B000B9C96 /* JPProxy.m in Sources */,
				F5460DC9215097C2000B9C96 /* ViewController.m in Sources */,
				F5460DD4215097C3000B9C96 /* main.m in Sources */,
				F5460DED2150980B000B9C96 /* JPPageControl.m in Sources */,
				F5460DF22150980B000B9C96 /* JPLoopCellModel.m in Sources */,
				F5460DF8215098FF000B9C96 /* LoopViewController.m in Sources */,
				F5460DF12150980B000B9C96 /* JPLoopViewLayout.m in Sources */,
				F5460DEB2150980B000B9C96 /* JPLoopViewCell.m in Sources */,
				F5460DF02150980B000B9C96 /* JPTimerManager.m in Sources */,
				F5460DEC2150980B000B9C96 /* JPLoopView.m in Sources */,
				F5460DC6215097C1000B9C96 /* AppDelegate.m in Sources */,
			);
			runOnlyForDeploymentPostprocessing = 0;
		};
/* End PBXSourcesBuildPhase section */

/* Begin PBXVariantGroup section */
		F5460DCA215097C2000B9C96 /* Main.storyboard */ = {
			isa = PBXVariantGroup;
			children = (
				F5460DCB215097C2000B9C96 /* Base */,
			);
			name = Main.storyboard;
			sourceTree = "<group>";
		};
		F5460DCF215097C3000B9C96 /* LaunchScreen.storyboard */ = {
			isa = PBXVariantGroup;
			children = (
				F5460DD0215097C3000B9C96 /* Base */,
			);
			name = LaunchScreen.storyboard;
			sourceTree = "<group>";
		};
/* End PBXVariantGroup section */

/* Begin XCBuildConfiguration section */
		F5460DD5215097C3000B9C96 /* Debug */ = {
			isa = XCBuildConfiguration;
			buildSettings = {
				ALWAYS_SEARCH_USER_PATHS = NO;
				CLANG_ANALYZER_NONNULL = YES;
				CLANG_ANALYZER_NUMBER_OBJECT_CONVERSION = YES_AGGRESSIVE;
				CLANG_CXX_LANGUAGE_STANDARD = "gnu++14";
				CLANG_CXX_LIBRARY = "libc++";
				CLANG_ENABLE_MODULES = YES;
				CLANG_ENABLE_OBJC_ARC = YES;
				CLANG_ENABLE_OBJC_WEAK = YES;
				CLANG_WARN_BLOCK_CAPTURE_AUTORELEASING = YES;
				CLANG_WARN_BOOL_CONVERSION = YES;
				CLANG_WARN_COMMA = YES;
				CLANG_WARN_CONSTANT_CONVERSION = YES;
				CLANG_WARN_DEPRECATED_OBJC_IMPLEMENTATIONS = YES;
				CLANG_WARN_DIRECT_OBJC_ISA_USAGE = YES_ERROR;
				CLANG_WARN_DOCUMENTATION_COMMENTS = YES;
				CLANG_WARN_EMPTY_BODY = YES;
				CLANG_WARN_ENUM_CONVERSION = YES;
				CLANG_WARN_INFINITE_RECURSION = YES;
				CLANG_WARN_INT_CONVERSION = YES;
				CLANG_WARN_NON_LITERAL_NULL_CONVERSION = YES;
				CLANG_WARN_OBJC_IMPLICIT_RETAIN_SELF = YES;
				CLANG_WARN_OBJC_LITERAL_CONVERSION = YES;
				CLANG_WARN_OBJC_ROOT_CLASS = YES_ERROR;
				CLANG_WARN_RANGE_LOOP_ANALYSIS = YES;
				CLANG_WARN_STRICT_PROTOTYPES = YES;
				CLANG_WARN_SUSPICIOUS_MOVE = YES;
				CLANG_WARN_UNGUARDED_AVAILABILITY = YES_AGGRESSIVE;
				CLANG_WARN_UNREACHABLE_CODE = YES;
				CLANG_WARN__DUPLICATE_METHOD_MATCH = YES;
				CODE_SIGN_IDENTITY = "iPhone Developer";
				COPY_PHASE_STRIP = NO;
				DEBUG_INFORMATION_FORMAT = dwarf;
				ENABLE_STRICT_OBJC_MSGSEND = YES;
				ENABLE_TESTABILITY = YES;
				GCC_C_LANGUAGE_STANDARD = gnu11;
				GCC_DYNAMIC_NO_PIC = NO;
				GCC_NO_COMMON_BLOCKS = YES;
				GCC_OPTIMIZATION_LEVEL = 0;
				GCC_PREPROCESSOR_DEFINITIONS = (
					"DEBUG=1",
					"$(inherited)",
				);
				GCC_WARN_64_TO_32_BIT_CONVERSION = YES;
				GCC_WARN_ABOUT_RETURN_TYPE = YES_ERROR;
				GCC_WARN_UNDECLARED_SELECTOR = YES;
				GCC_WARN_UNINITIALIZED_AUTOS = YES_AGGRESSIVE;
				GCC_WARN_UNUSED_FUNCTION = YES;
				GCC_WARN_UNUSED_VARIABLE = YES;
				IPHONEOS_DEPLOYMENT_TARGET = 12.0;
				MTL_ENABLE_DEBUG_INFO = INCLUDE_SOURCE;
				MTL_FAST_MATH = YES;
				ONLY_ACTIVE_ARCH = YES;
				SDKROOT = iphoneos;
			};
			name = Debug;
		};
		F5460DD6215097C3000B9C96 /* Release */ = {
			isa = XCBuildConfiguration;
			buildSettings = {
				ALWAYS_SEARCH_USER_PATHS = NO;
				CLANG_ANALYZER_NONNULL = YES;
				CLANG_ANALYZER_NUMBER_OBJECT_CONVERSION = YES_AGGRESSIVE;
				CLANG_CXX_LANGUAGE_STANDARD = "gnu++14";
				CLANG_CXX_LIBRARY = "libc++";
				CLANG_ENABLE_MODULES = YES;
				CLANG_ENABLE_OBJC_ARC = YES;
				CLANG_ENABLE_OBJC_WEAK = YES;
				CLANG_WARN_BLOCK_CAPTURE_AUTORELEASING = YES;
				CLANG_WARN_BOOL_CONVERSION = YES;
				CLANG_WARN_COMMA = YES;
				CLANG_WARN_CONSTANT_CONVERSION = YES;
				CLANG_WARN_DEPRECATED_OBJC_IMPLEMENTATIONS = YES;
				CLANG_WARN_DIRECT_OBJC_ISA_USAGE = YES_ERROR;
				CLANG_WARN_DOCUMENTATION_COMMENTS = YES;
				CLANG_WARN_EMPTY_BODY = YES;
				CLANG_WARN_ENUM_CONVERSION = YES;
				CLANG_WARN_INFINITE_RECURSION = YES;
				CLANG_WARN_INT_CONVERSION = YES;
				CLANG_WARN_NON_LITERAL_NULL_CONVERSION = YES;
				CLANG_WARN_OBJC_IMPLICIT_RETAIN_SELF = YES;
				CLANG_WARN_OBJC_LITERAL_CONVERSION = YES;
				CLANG_WARN_OBJC_ROOT_CLASS = YES_ERROR;
				CLANG_WARN_RANGE_LOOP_ANALYSIS = YES;
				CLANG_WARN_STRICT_PROTOTYPES = YES;
				CLANG_WARN_SUSPICIOUS_MOVE = YES;
				CLANG_WARN_UNGUARDED_AVAILABILITY = YES_AGGRESSIVE;
				CLANG_WARN_UNREACHABLE_CODE = YES;
				CLANG_WARN__DUPLICATE_METHOD_MATCH = YES;
				CODE_SIGN_IDENTITY = "iPhone Developer";
				COPY_PHASE_STRIP = NO;
				DEBUG_INFORMATION_FORMAT = "dwarf-with-dsym";
				ENABLE_NS_ASSERTIONS = NO;
				ENABLE_STRICT_OBJC_MSGSEND = YES;
				GCC_C_LANGUAGE_STANDARD = gnu11;
				GCC_NO_COMMON_BLOCKS = YES;
				GCC_WARN_64_TO_32_BIT_CONVERSION = YES;
				GCC_WARN_ABOUT_RETURN_TYPE = YES_ERROR;
				GCC_WARN_UNDECLARED_SELECTOR = YES;
				GCC_WARN_UNINITIALIZED_AUTOS = YES_AGGRESSIVE;
				GCC_WARN_UNUSED_FUNCTION = YES;
				GCC_WARN_UNUSED_VARIABLE = YES;
				IPHONEOS_DEPLOYMENT_TARGET = 12.0;
				MTL_ENABLE_DEBUG_INFO = NO;
				MTL_FAST_MATH = YES;
				SDKROOT = iphoneos;
				VALIDATE_PRODUCT = YES;
			};
			name = Release;
		};
		F5460DD8215097C3000B9C96 /* Debug */ = {
			isa = XCBuildConfiguration;
			baseConfigurationReference = 8313F02AF2AE1AB0BDBA2A83 /* Pods-JPLoopViewDemo.debug.xcconfig */;
			buildSettings = {
				ASSETCATALOG_COMPILER_APPICON_NAME = AppIcon;
				CODE_SIGN_STYLE = Automatic;
				INFOPLIST_FILE = JPLoopViewDemo/Info.plist;
				LD_RUNPATH_SEARCH_PATHS = (
					"$(inherited)",
					"@executable_path/Frameworks",
				);
				PRODUCT_BUNDLE_IDENTIFIER = cn.djp.JPLoopViewDemo;
				PRODUCT_NAME = "$(TARGET_NAME)";
				TARGETED_DEVICE_FAMILY = "1,2";
			};
			name = Debug;
		};
		F5460DD9215097C3000B9C96 /* Release */ = {
			isa = XCBuildConfiguration;
			baseConfigurationReference = C15A0395B8EB08EAE1DF00A6 /* Pods-JPLoopViewDemo.release.xcconfig */;
			buildSettings = {
				ASSETCATALOG_COMPILER_APPICON_NAME = AppIcon;
				CODE_SIGN_STYLE = Automatic;
				INFOPLIST_FILE = JPLoopViewDemo/Info.plist;
				LD_RUNPATH_SEARCH_PATHS = (
					"$(inherited)",
					"@executable_path/Frameworks",
				);
				PRODUCT_BUNDLE_IDENTIFIER = cn.djp.JPLoopViewDemo;
				PRODUCT_NAME = "$(TARGET_NAME)";
				TARGETED_DEVICE_FAMILY = "1,2";
			};
			name = Release;
		};
/* End XCBuildConfiguration section */

/* Begin XCConfigurationList section */
		F5460DBC215097C1000B9C96 /* Build configuration list for PBXProject "JPLoopViewDemo" */ = {
			isa = XCConfigurationList;
			buildConfigurations = (
				F5460DD5215097C3000B9C96 /* Debug */,
				F5460DD6215097C3000B9C96 /* Release */,
			);
			defaultConfigurationIsVisible = 0;
			defaultConfigurationName = Release;
		};
		F5460DD7215097C3000B9C96 /* Build configuration list for PBXNativeTarget "JPLoopViewDemo" */ = {
			isa = XCConfigurationList;
			buildConfigurations = (
				F5460DD8215097C3000B9C96 /* Debug */,
				F5460DD9215097C3000B9C96 /* Release */,
			);
			defaultConfigurationIsVisible = 0;
			defaultConfigurationName = Release;
		};
/* End XCConfigurationList section */
	};
	rootObject = F5460DB9215097C1000B9C96 /* Project object */;
}
